
Microsoft Visual Studio Solution File, Format Version 12.00
# Visual Studio Version 16
VisualStudioVersion = 16.0.30804.86
MinimumVisualStudioVersion = 10.0.40219.1
Project("{FAE04EC0-301F-11D3-BF4B-00C04F79EFBC}") = "AlexanderDevelopment.ConfigDataMover.Cli", "AlexanderDevelopment.ConfigDataMover.Cli\AlexanderDevelopment.ConfigDataMover.Cli.csproj", "{6D2499A8-7466-4835-ADA2-DB2397555433}"
EndProject
Project("{FAE04EC0-301F-11D3-BF4B-00C04F79EFBC}") = "AlexanderDevelopment.ConfigDataMover.Lib", "AlexanderDevelopment.ConfigDataMover.Lib\AlexanderDevelopment.ConfigDataMover.Lib.csproj", "{9383563C-368B-4FE7-A62D-261AA9E5D296}"
EndProject
Project("{FAE04EC0-301F-11D3-BF4B-00C04F79EFBC}") = "AlexanderDevelopment.ConfigDataMover.Wpf", "AlexanderDevelopment.ConfigDataMover.Wpf\AlexanderDevelopment.ConfigDataMover.Wpf.csproj", "{102B8E33-CA1D-4066-BDCA-061BFA0BFC06}"
EndProject
Global
	GlobalSection(SolutionConfigurationPlatforms) = preSolution
		Debug|Any CPU = Debug|Any CPU
		Release|Any CPU = Release|Any CPU
	EndGlobalSection
	GlobalSection(ProjectConfigurationPlatforms) = postSolution
		{6D2499A8-7466-4835-ADA2-DB2397555433}.Debug|Any CPU.ActiveCfg = Debug|Any CPU
		{6D2499A8-7466-4835-ADA2-DB2397555433}.Debug|Any CPU.Build.0 = Debug|Any CPU
		{6D2499A8-7466-4835-ADA2-DB2397555433}.Release|Any CPU.ActiveCfg = Release|Any CPU
		{6D2499A8-7466-4835-ADA2-DB2397555433}.Release|Any CPU.Build.0 = Release|Any CPU
		{9383563C-368B-4FE7-A62D-261AA9E5D296}.Debug|Any CPU.ActiveCfg = Debug|Any CPU
		{9383563C-368B-4FE7-A62D-261AA9E5D296}.Debug|Any CPU.Build.0 = Debug|Any CPU
		{9383563C-368B-4FE7-A62D-261AA9E5D296}.Release|Any CPU.ActiveCfg = Release|Any CPU
		{9383563C-368B-4FE7-A62D-261AA9E5D296}.Release|Any CPU.Build.0 = Release|Any CPU
		{102B8E33-CA1D-4066-BDCA-061BFA0BFC06}.Debug|Any CPU.ActiveCfg = Debug|Any CPU
		{102B8E33-CA1D-4066-BDCA-061BFA0BFC06}.Debug|Any CPU.Build.0 = Debug|Any CPU
		{102B8E33-CA1D-4066-BDCA-061BFA0BFC06}.Release|Any CPU.ActiveCfg = Release|Any CPU
		{102B8E33-CA1D-4066-BDCA-061BFA0BFC06}.Release|Any CPU.Build.0 = Release|Any CPU
	EndGlobalSection
	GlobalSection(SolutionProperties) = preSolution
		HideSolutionNode = FALSE
	EndGlobalSection
	GlobalSection(ExtensibilityGlobals) = postSolution
		SolutionGuid = {124458B2-3082-4F28-A3E5-F1C4ECF06887}
	EndGlobalSection
EndGlobal
